Microsoft Visual Studio Solution File, Format Version 12.00
# Visual Studio 2012
Project("{FAE04EC0-301F-11D3-BF4B-00C04F79EFBC}") = "Debug App", "Debug App.csproj", "{A659E422-B192-475F-90B0-DA9EB7CBF858}"
EndProject
Global
	GlobalSection(SolutionConfigurationPlatforms) = preSolution
	Debug|Any CPU = Debug|Any CPU
	ExportDebug|Any CPU = ExportDebug|Any CPU
	ExportRelease|Any CPU = ExportRelease|Any CPU
	EndGlobalSection
	GlobalSection(ProjectConfigurationPlatforms) = postSolution
		{A659E422-B192-475F-90B0-DA9EB7CBF858}.Debug|Any CPU.ActiveCfg = Debug|Any CPU
		{A659E422-B192-475F-90B0-DA9EB7CBF858}.Debug|Any CPU.Build.0 = Debug|Any CPU
		{A659E422-B192-475F-90B0-DA9EB7CBF858}.ExportDebug|Any CPU.ActiveCfg = ExportDebug|Any CPU
		{A659E422-B192-475F-90B0-DA9EB7CBF858}.ExportDebug|Any CPU.Build.0 = ExportDebug|Any CPU
		{A659E422-B192-475F-90B0-DA9EB7CBF858}.ExportRelease|Any CPU.ActiveCfg = ExportRelease|Any CPU
		{A659E422-B192-475F-90B0-DA9EB7CBF858}.ExportRelease|Any CPU.Build.0 = ExportRelease|Any CPU
	EndGlobalSection
EndGlobal
